
Microsoft Visual Studio Solution File, Format Version 12.00
# Visual Studio Version 17
VisualStudioVersion = 17.2.32516.85
MinimumVisualStudioVersion = 10.0.40219.1
Project("{2150E333-8FDC-42A3-9474-1A3956D46DE8}") = "Core", "Core", "{24A1EBB3-445A-40E5-A81E-72FDE5CE4676}"
EndProject
Project("{2150E333-8FDC-42A3-9474-1A3956D46DE8}") = "Infrastructure", "Infrastructure", "{A7CD4AC7-56AF-4765-AC01-8D5FB475F6C5}"
EndProject
Project("{2150E333-8FDC-42A3-9474-1A3956D46DE8}") = "Presentation", "Presentation", "{7F61954F-8CA5-4FDC-AAB2-6B6856F60147}"
EndProject
Project("{2150E333-8FDC-42A3-9474-1A3956D46DE8}") = "Tests", "Tests", "{3B45DEF2-E3AE-4283-87BF-7334333A0E1E}"
EndProject
Project("{9A19103F-16F7-4668-BE54-9A1E7A4F7556}") = "Notes.Domain", "Notes.Domain\Notes.Domain.csproj", "{0AE9B13E-6F73-4E66-9B28-11B8569ED2DA}"
EndProject
Project("{9A19103F-16F7-4668-BE54-9A1E7A4F7556}") = "Notes.Application", "Notes.Application\Notes.Application.csproj", "{C09FBB38-0A50-4912-91A6-FDEECC11A614}"
EndProject
Project("{9A19103F-16F7-4668-BE54-9A1E7A4F7556}") = "Notes.Persistence", "Notes.Persistence\Notes.Persistence.csproj", "{07461F0D-0452-4C4C-81E9-CE235BEAF37C}"
EndProject
Project("{9A19103F-16F7-4668-BE54-9A1E7A4F7556}") = "Notes.WebApi", "Notes.WebApi\Notes.WebApi.csproj", "{65DE9FEA-F6C2-4E19-8329-A4DDBFF3449F}"
EndProject
Project("{FAE04EC0-301F-11D3-BF4B-00C04F79EFBC}") = "Notes.Tests", "Notes.Tests\Notes.Tests.csproj", "{8F94ADF0-DE3B-41D7-8B79-9710F9093580}"
EndProject
Global
	GlobalSection(SolutionConfigurationPlatforms) = preSolution
		Debug|Any CPU = Debug|Any CPU
		Release|Any CPU = Release|Any CPU
	EndGlobalSection
	GlobalSection(ProjectConfigurationPlatforms) = postSolution
		{0AE9B13E-6F73-4E66-9B28-11B8569ED2DA}.Debug|Any CPU.ActiveCfg = Debug|Any CPU
		{0AE9B13E-6F73-4E66-9B28-11B8569ED2DA}.Debug|Any CPU.Build.0 = Debug|Any CPU
		{0AE9B13E-6F73-4E66-9B28-11B8569ED2DA}.Release|Any CPU.ActiveCfg = Release|Any CPU
		{0AE9B13E-6F73-4E66-9B28-11B8569ED2DA}.Release|Any CPU.Build.0 = Release|Any CPU
		{C09FBB38-0A50-4912-91A6-FDEECC11A614}.Debug|Any CPU.ActiveCfg = Debug|Any CPU
		{C09FBB38-0A50-4912-91A6-FDEECC11A614}.Debug|Any CPU.Build.0 = Debug|Any CPU
		{C09FBB38-0A50-4912-91A6-FDEECC11A614}.Release|Any CPU.ActiveCfg = Release|Any CPU
		{C09FBB38-0A50-4912-91A6-FDEECC11A614}.Release|Any CPU.Build.0 = Release|Any CPU
		{07461F0D-0452-4C4C-81E9-CE235BEAF37C}.Debug|Any CPU.ActiveCfg = Debug|Any CPU
		{07461F0D-0452-4C4C-81E9-CE235BEAF37C}.Debug|Any CPU.Build.0 = Debug|Any CPU
		{07461F0D-0452-4C4C-81E9-CE235BEAF37C}.Release|Any CPU.ActiveCfg = Release|Any CPU
		{07461F0D-0452-4C4C-81E9-CE235BEAF37C}.Release|Any CPU.Build.0 = Release|Any CPU
		{65DE9FEA-F6C2-4E19-8329-A4DDBFF3449F}.Debug|Any CPU.ActiveCfg = Debug|Any CPU
		{65DE9FEA-F6C2-4E19-8329-A4DDBFF3449F}.Debug|Any CPU.Build.0 = Debug|Any CPU
		{65DE9FEA-F6C2-4E19-8329-A4DDBFF3449F}.Release|Any CPU.ActiveCfg = Release|Any CPU
		{65DE9FEA-F6C2-4E19-8329-A4DDBFF3449F}.Release|Any CPU.Build.0 = Release|Any CPU
		{8F94ADF0-DE3B-41D7-8B79-9710F9093580}.Debug|Any CPU.ActiveCfg = Debug|Any CPU
		{8F94ADF0-DE3B-41D7-8B79-9710F9093580}.Debug|Any CPU.Build.0 = Debug|Any CPU
		{8F94ADF0-DE3B-41D7-8B79-9710F9093580}.Release|Any CPU.ActiveCfg = Release|Any CPU
		{8F94ADF0-DE3B-41D7-8B79-9710F9093580}.Release|Any CPU.Build.0 = Release|Any CPU
	EndGlobalSection
	GlobalSection(SolutionProperties) = preSolution
		HideSolutionNode = FALSE
	EndGlobalSection
	GlobalSection(NestedProjects) = preSolution
		{0AE9B13E-6F73-4E66-9B28-11B8569ED2DA} = {24A1EBB3-445A-40E5-A81E-72FDE5CE4676}
		{C09FBB38-0A50-4912-91A6-FDEECC11A614} = {24A1EBB3-445A-40E5-A81E-72FDE5CE4676}
		{07461F0D-0452-4C4C-81E9-CE235BEAF37C} = {A7CD4AC7-56AF-4765-AC01-8D5FB475F6C5}
		{65DE9FEA-F6C2-4E19-8329-A4DDBFF3449F} = {7F61954F-8CA5-4FDC-AAB2-6B6856F60147}
		{8F94ADF0-DE3B-41D7-8B79-9710F9093580} = {3B45DEF2-E3AE-4283-87BF-7334333A0E1E}
	EndGlobalSection
	GlobalSection(ExtensibilityGlobals) = postSolution
		SolutionGuid = {921A4631-4594-4A2E-A406-9EE151CF3635}
	EndGlobalSection
EndGlobal
